// !$*UTF8*$!
{
	archiveVersion = 1;
	classes = {
	};
	objectVersion = 48;
	objects = {

/* Begin PBXBuildFile section */
		03530FB0204F58A7002D9244 /* AppDelegate.m in Sources */ = {isa = PBXBuildFile; fileRef = 03530FAF204F58A7002D9244 /* AppDelegate.m */; };
		03530FB3204F58A7002D9244 /* ViewController.m in Sources */ = {isa = PBXBuildFile; fileRef = 03530FB2204F58A7002D9244 /* ViewController.m */; };
		03530FB6204F58A7002D9244 /* Main.storyboard in Resources */ = {isa = PBXBuildFile; fileRef = 03530FB4204F58A7002D9244 /* Main.storyboard */; };
		03530FB8204F58A7002D9244 /* Assets.xcassets in Resources */ = {isa = PBXBuildFile; fileRef = 03530FB7204F58A7002D9244 /* Assets.xcassets */; };
		03530FBB204F58A7002D9244 /* LaunchScreen.storyboard in Resources */ = {isa = PBXBuildFile; fileRef = 03530FB9204F58A7002D9244 /* LaunchScreen.storyboard */; };
		03530FBE204F58A7002D9244 /* main.m in Sources */ = {isa = PBXBuildFile; fileRef = 03530FBD204F58A7002D9244 /* main.m */; };
		03530FC8204F58A7002D9244 /* HelloWorldTests.m in Sources */ = {isa = PBXBuildFile; fileRef = 03530FC7204F58A7002D9244 /* HelloWorldTests.m */; };
		03530FD3204F58A7002D9244 /* HelloWorldUITests.m in Sources */ = {isa = PBXBuildFile; fileRef = 03530FD2204F58A7002D9244 /* HelloWorldUITests.m */; };
		03531021204F86AE002D9244 /* UserViewController.m in Sources */ = {isa = PBXBuildFile; fileRef = 03531020204F86AE002D9244 /* UserViewController.m */; };
		4654816F206C2DFB007306F5 /* FriendsTableViewController.m in Sources */ = {isa = PBXBuildFile; fileRef = 4654816E206C2DFB007306F5 /* FriendsTableViewController.m */; };
		46548172206C990E007306F5 /* FriendContainerViewController.m in Sources */ = {isa = PBXBuildFile; fileRef = 46548171206C990E007306F5 /* FriendContainerViewController.m */; };
		46AB80DA2051E6C50074DF5B /* BucketTest.m in Sources */ = {isa = PBXBuildFile; fileRef = 46AB80D92051E6C50074DF5B /* BucketTest.m */; };
		50000D3A207D5D8400742CC2 /* PlayPortal.framework in Frameworks */ = {isa = PBXBuildFile; fileRef = 50000D39207D5D8400742CC2 /* PlayPortal.framework */; };
		50000D3B207D5D8400742CC2 /* PlayPortal.framework in Embed Frameworks */ = {isa = PBXBuildFile; fileRef = 50000D39207D5D8400742CC2 /* PlayPortal.framework */; settings = {ATTRIBUTES = (CodeSignOnCopy, RemoveHeadersOnCopy, ); }; };
/* End PBXBuildFile section */

/* Begin PBXContainerItemProxy section */
		03530FC4204F58A7002D9244 /* PBXContainerItemProxy */ = {
			isa = PBXContainerItemProxy;
			containerPortal = 03530FA3204F58A7002D9244 /* Project object */;
			proxyType = 1;
			remoteGlobalIDString = 03530FAA204F58A7002D9244;
			remoteInfo = HelloWorld;
		};
		03530FCF204F58A7002D9244 /* PBXContainerItemProxy */ = {
			isa = PBXContainerItemProxy;
			containerPortal = 03530FA3204F58A7002D9244 /* Project object */;
			proxyType = 1;
			remoteGlobalIDString = 03530FAA204F58A7002D9244;
			remoteInfo = HelloWorld;
		};
/* End PBXContainerItemProxy section */

/* Begin PBXCopyFilesBuildPhase section */
		50000D3C207D5D8400742CC2 /* Embed Frameworks */ = {
			isa = PBXCopyFilesBuildPhase;
			buildActionMask = 2147483647;
			dstPath = "";
			dstSubfolderSpec = 10;
			files = (
				50000D3B207D5D8400742CC2 /* PlayPortal.framework in Embed Frameworks */,
			);
			name = "Embed Frameworks";
			runOnlyForDeploymentPostprocessing = 0;
		};
/* End PBXCopyFilesBuildPhase section */

/* Begin PBXFileReference section */
		03530FAB204F58A7002D9244 /* HelloWorld.app */ = {isa = PBXFileReference; explicitFileType = wrapper.application; includeInIndex = 0; path = HelloWorld.app; sourceTree = BUILT_PRODUCTS_DIR; };
		03530FAE204F58A7002D9244 /* AppDelegate.h */ = {isa = PBXFileReference; lastKnownFileType = sourcecode.c.h; path = AppDelegate.h; sourceTree = "<group>"; };
		03530FAF204F58A7002D9244 /* AppDelegate.m */ = {isa = PBXFileReference; lastKnownFileType = sourcecode.c.objc; path = AppDelegate.m; sourceTree = "<group>"; };
		03530FB1204F58A7002D9244 /* ViewController.h */ = {isa = PBXFileReference; lastKnownFileType = sourcecode.c.h; path = ViewController.h; sourceTree = "<group>"; };
		03530FB2204F58A7002D9244 /* ViewController.m */ = {isa = PBXFileReference; lastKnownFileType = sourcecode.c.objc; path = ViewController.m; sourceTree = "<group>"; };
		03530FB5204F58A7002D9244 /* Base */ = {isa = PBXFileReference; lastKnownFileType = file.storyboard; name = Base; path = Base.lproj/Main.storyboard; sourceTree = "<group>"; };
		03530FB7204F58A7002D9244 /* Assets.xcassets */ = {isa = PBXFileReference; lastKnownFileType = folder.assetcatalog; path = Assets.xcassets; sourceTree = "<group>"; };
		03530FBA204F58A7002D9244 /* Base */ = {isa = PBXFileReference; lastKnownFileType = file.storyboard; name = Base; path = Base.lproj/LaunchScreen.storyboard; sourceTree = "<group>"; };
		03530FBC204F58A7002D9244 /* Info.plist */ = {isa = PBXFileReference; lastKnownFileType = text.plist.xml; path = Info.plist; sourceTree = "<group>"; };
		03530FBD204F58A7002D9244 /* main.m */ = {isa = PBXFileReference; lastKnownFileType = sourcecode.c.objc; path = main.m; sourceTree = "<group>"; };
		03530FC3204F58A7002D9244 /* HelloWorldTests.xctest */ = {isa = PBXFileReference; explicitFileType = wrapper.cfbundle; includeInIndex = 0; path = HelloWorldTests.xctest; sourceTree = BUILT_PRODUCTS_DIR; };
		03530FC7204F58A7002D9244 /* HelloWorldTests.m */ = {isa = PBXFileReference; lastKnownFileType = sourcecode.c.objc; path = HelloWorldTests.m; sourceTree = "<group>"; };
		03530FC9204F58A7002D9244 /* Info.plist */ = {isa = PBXFileReference; lastKnownFileType = text.plist.xml; path = Info.plist; sourceTree = "<group>"; };
		03530FCE204F58A7002D9244 /* HelloWorldUITests.xctest */ = {isa = PBXFileReference; explicitFileType = wrapper.cfbundle; includeInIndex = 0; path = HelloWorldUITests.xctest; sourceTree = BUILT_PRODUCTS_DIR; };
		03530FD2204F58A7002D9244 /* HelloWorldUITests.m */ = {isa = PBXFileReference; lastKnownFileType = sourcecode.c.objc; path = HelloWorldUITests.m; sourceTree = "<group>"; };
		03530FD4204F58A7002D9244 /* Info.plist */ = {isa = PBXFileReference; lastKnownFileType = text.plist.xml; path = Info.plist; sourceTree = "<group>"; };
		0353101F204F86AE002D9244 /* UserViewController.h */ = {isa = PBXFileReference; lastKnownFileType = sourcecode.c.h; path = UserViewController.h; sourceTree = "<group>"; };
		03531020204F86AE002D9244 /* UserViewController.m */ = {isa = PBXFileReference; lastKnownFileType = sourcecode.c.objc; path = UserViewController.m; sourceTree = "<group>"; };
		4654816D206C2DFB007306F5 /* FriendsTableViewController.h */ = {isa = PBXFileReference; lastKnownFileType = sourcecode.c.h; path = FriendsTableViewController.h; sourceTree = "<group>"; };
		4654816E206C2DFB007306F5 /* FriendsTableViewController.m */ = {isa = PBXFileReference; lastKnownFileType = sourcecode.c.objc; path = FriendsTableViewController.m; sourceTree = "<group>"; };
		46548170206C990E007306F5 /* FriendContainerViewController.h */ = {isa = PBXFileReference; lastKnownFileType = sourcecode.c.h; path = FriendContainerViewController.h; sourceTree = "<group>"; };
		46548171206C990E007306F5 /* FriendContainerViewController.m */ = {isa = PBXFileReference; lastKnownFileType = sourcecode.c.objc; path = FriendContainerViewController.m; sourceTree = "<group>"; };
		46AB80D92051E6C50074DF5B /* BucketTest.m */ = {isa = PBXFileReference; lastKnownFileType = sourcecode.c.objc; path = BucketTest.m; sourceTree = "<group>"; };
		50000D39207D5D8400742CC2 /* PlayPortal.framework */ = {isa = PBXFileReference; lastKnownFileType = wrapper.framework; path = PlayPortal.framework; sourceTree = "<group>"; };
/* End PBXFileReference section */

/* Begin PBXFrameworksBuildPhase section */
		03530FA8204F58A7002D9244 /* Frameworks */ = {
			isa = PBXFrameworksBuildPhase;
			buildActionMask = 2147483647;
			files = (
				50000D3A207D5D8400742CC2 /* PlayPortal.framework in Frameworks */,
			);
			runOnlyForDeploymentPostprocessing = 0;
		};
		03530FC0204F58A7002D9244 /* Frameworks */ = {
			isa = PBXFrameworksBuildPhase;
			buildActionMask = 2147483647;
			files = (
			);
			runOnlyForDeploymentPostprocessing = 0;
		};
		03530FCB204F58A7002D9244 /* Frameworks */ = {
			isa = PBXFrameworksBuildPhase;
			buildActionMask = 2147483647;
			files = (
			);
			runOnlyForDeploymentPostprocessing = 0;
		};
/* End PBXFrameworksBuildPhase section */

/* Begin PBXGroup section */
		03530FA2204F58A7002D9244 = {
			isa = PBXGroup;
			children = (
				50000D39207D5D8400742CC2 /* PlayPortal.framework */,
				03530FAD204F58A7002D9244 /* HelloWorld */,
				03530FC6204F58A7002D9244 /* HelloWorldTests */,
				03530FD1204F58A7002D9244 /* HelloWorldUITests */,
				03530FAC204F58A7002D9244 /* Products */,
			);
			sourceTree = "<group>";
		};
		03530FAC204F58A7002D9244 /* Products */ = {
			isa = PBXGroup;
			children = (
				03530FAB204F58A7002D9244 /* HelloWorld.app */,
				03530FC3204F58A7002D9244 /* HelloWorldTests.xctest */,
				03530FCE204F58A7002D9244 /* HelloWorldUITests.xctest */,
			);
			name = Products;
			sourceTree = "<group>";
		};
		03530FAD204F58A7002D9244 /* HelloWorld */ = {
			isa = PBXGroup;
			children = (
				03530FAE204F58A7002D9244 /* AppDelegate.h */,
				03530FAF204F58A7002D9244 /* AppDelegate.m */,
				03530FB1204F58A7002D9244 /* ViewController.h */,
				03530FB2204F58A7002D9244 /* ViewController.m */,
				0353101F204F86AE002D9244 /* UserViewController.h */,
				03531020204F86AE002D9244 /* UserViewController.m */,
				03530FB4204F58A7002D9244 /* Main.storyboard */,
				4654816D206C2DFB007306F5 /* FriendsTableViewController.h */,
				4654816E206C2DFB007306F5 /* FriendsTableViewController.m */,
				03530FB7204F58A7002D9244 /* Assets.xcassets */,
				03530FB9204F58A7002D9244 /* LaunchScreen.storyboard */,
				03530FBC204F58A7002D9244 /* Info.plist */,
				03530FBD204F58A7002D9244 /* main.m */,
				46548170206C990E007306F5 /* FriendContainerViewController.h */,
				46548171206C990E007306F5 /* FriendContainerViewController.m */,
			);
			path = HelloWorld;
			sourceTree = "<group>";
		};
		03530FC6204F58A7002D9244 /* HelloWorldTests */ = {
			isa = PBXGroup;
			children = (
				03530FC7204F58A7002D9244 /* HelloWorldTests.m */,
				03530FC9204F58A7002D9244 /* Info.plist */,
				46AB80D92051E6C50074DF5B /* BucketTest.m */,
			);
			path = HelloWorldTests;
			sourceTree = "<group>";
		};
		03530FD1204F58A7002D9244 /* HelloWorldUITests */ = {
			isa = PBXGroup;
			children = (
				03530FD2204F58A7002D9244 /* HelloWorldUITests.m */,
				03530FD4204F58A7002D9244 /* Info.plist */,
			);
			path = HelloWorldUITests;
			sourceTree = "<group>";
		};
/* End PBXGroup section */

/* Begin PBXNativeTarget section */
		03530FAA204F58A7002D9244 /* HelloWorld */ = {
			isa = PBXNativeTarget;
			buildConfigurationList = 03530FD7204F58A7002D9244 /* Build configuration list for PBXNativeTarget "HelloWorld" */;
			buildPhases = (
				03530FA7204F58A7002D9244 /* Sources */,
				03530FA8204F58A7002D9244 /* Frameworks */,
				03530FA9204F58A7002D9244 /* Resources */,
				50000D3C207D5D8400742CC2 /* Embed Frameworks */,
			);
			buildRules = (
			);
			dependencies = (
			);
			name = HelloWorld;
			productName = HelloWorld;
			productReference = 03530FAB204F58A7002D9244 /* HelloWorld.app */;
			productType = "com.apple.product-type.application";
		};
		03530FC2204F58A7002D9244 /* HelloWorldTests */ = {
			isa = PBXNativeTarget;
			buildConfigurationList = 03530FDA204F58A7002D9244 /* Build configuration list for PBXNativeTarget "HelloWorldTests" */;
			buildPhases = (
				03530FBF204F58A7002D9244 /* Sources */,
				03530FC0204F58A7002D9244 /* Frameworks */,
				03530FC1204F58A7002D9244 /* Resources */,
			);
			buildRules = (
			);
			dependencies = (
				03530FC5204F58A7002D9244 /* PBXTargetDependency */,
			);
			name = HelloWorldTests;
			productName = HelloWorldTests;
			productReference = 03530FC3204F58A7002D9244 /* HelloWorldTests.xctest */;
			productType = "com.apple.product-type.bundle.unit-test";
		};
		03530FCD204F58A7002D9244 /* HelloWorldUITests */ = {
			isa = PBXNativeTarget;
			buildConfigurationList = 03530FDD204F58A7002D9244 /* Build configuration list for PBXNativeTarget "HelloWorldUITests" */;
			buildPhases = (
				03530FCA204F58A7002D9244 /* Sources */,
				03530FCB204F58A7002D9244 /* Frameworks */,
				03530FCC204F58A7002D9244 /* Resources */,
			);
			buildRules = (
			);
			dependencies = (
				03530FD0204F58A7002D9244 /* PBXTargetDependency */,
			);
			name = HelloWorldUITests;
			productName = HelloWorldUITests;
			productReference = 03530FCE204F58A7002D9244 /* HelloWorldUITests.xctest */;
			productType = "com.apple.product-type.bundle.ui-testing";
		};
/* End PBXNativeTarget section */

/* Begin PBXProject section */
		03530FA3204F58A7002D9244 /* Project object */ = {
			isa = PBXProject;
			attributes = {
				LastUpgradeCheck = 0920;
				ORGANIZATIONNAME = blackCloud;
				TargetAttributes = {
					03530FAA204F58A7002D9244 = {
						CreatedOnToolsVersion = 9.2;
						ProvisioningStyle = Automatic;
					};
					03530FC2204F58A7002D9244 = {
						CreatedOnToolsVersion = 9.2;
						ProvisioningStyle = Automatic;
						TestTargetID = 03530FAA204F58A7002D9244;
					};
					03530FCD204F58A7002D9244 = {
						CreatedOnToolsVersion = 9.2;
						ProvisioningStyle = Automatic;
						TestTargetID = 03530FAA204F58A7002D9244;
					};
				};
			};
			buildConfigurationList = 03530FA6204F58A7002D9244 /* Build configuration list for PBXProject "HelloWorld" */;
			compatibilityVersion = "Xcode 8.0";
			developmentRegion = en;
			hasScannedForEncodings = 0;
			knownRegions = (
				en,
				Base,
			);
			mainGroup = 03530FA2204F58A7002D9244;
			productRefGroup = 03530FAC204F58A7002D9244 /* Products */;
			projectDirPath = "";
			projectRoot = "";
			targets = (
				03530FAA204F58A7002D9244 /* HelloWorld */,
				03530FC2204F58A7002D9244 /* HelloWorldTests */,
				03530FCD204F58A7002D9244 /* HelloWorldUITests */,
			);
		};
/* End PBXProject section */

/* Begin PBXResourcesBuildPhase section */
		03530FA9204F58A7002D9244 /* Resources */ = {
			isa = PBXResourcesBuildPhase;
			buildActionMask = 2147483647;
			files = (
				03530FBB204F58A7002D9244 /* LaunchScreen.storyboard in Resources */,
				03530FB8204F58A7002D9244 /* Assets.xcassets in Resources */,
				03530FB6204F58A7002D9244 /* Main.storyboard in Resources */,
			);
			runOnlyForDeploymentPostprocessing = 0;
		};
		03530FC1204F58A7002D9244 /* Resources */ = {
			isa = PBXResourcesBuildPhase;
			buildActionMask = 2147483647;
			files = (
			);
			runOnlyForDeploymentPostprocessing = 0;
		};
		03530FCC204F58A7002D9244 /* Resources */ = {
			isa = PBXResourcesBuildPhase;
			buildActionMask = 2147483647;
			files = (
			);
			runOnlyForDeploymentPostprocessing = 0;
		};
/* End PBXResourcesBuildPhase section */

/* Begin PBXSourcesBuildPhase section */
		03530FA7204F58A7002D9244 /* Sources */ = {
			isa = PBXSourcesBuildPhase;
			buildActionMask = 2147483647;
			files = (
				03530FB3204F58A7002D9244 /* ViewController.m in Sources */,
				03530FBE204F58A7002D9244 /* main.m in Sources */,
				4654816F206C2DFB007306F5 /* FriendsTableViewController.m in Sources */,
				46548172206C990E007306F5 /* FriendContainerViewController.m in Sources */,
				03531021204F86AE002D9244 /* UserViewController.m in Sources */,
				03530FB0204F58A7002D9244 /* AppDelegate.m in Sources */,
			);
			runOnlyForDeploymentPostprocessing = 0;
		};
		03530FBF204F58A7002D9244 /* Sources */ = {
			isa = PBXSourcesBuildPhase;
			buildActionMask = 2147483647;
			files = (
				03530FC8204F58A7002D9244 /* HelloWorldTests.m in Sources */,
				46AB80DA2051E6C50074DF5B /* BucketTest.m in Sources */,
			);
			runOnlyForDeploymentPostprocessing = 0;
		};
		03530FCA204F58A7002D9244 /* Sources */ = {
			isa = PBXSourcesBuildPhase;
			buildActionMask = 2147483647;
			files = (
				03530FD3204F58A7002D9244 /* HelloWorldUITests.m in Sources */,
			);
			runOnlyForDeploymentPostprocessing = 0;
		};
/* End PBXSourcesBuildPhase section */

/* Begin PBXTargetDependency section */
		03530FC5204F58A7002D9244 /* PBXTargetDependency */ = {
			isa = PBXTargetDependency;
			target = 03530FAA204F58A7002D9244 /* HelloWorld */;
			targetProxy = 03530FC4204F58A7002D9244 /* PBXContainerItemProxy */;
		};
		03530FD0204F58A7002D9244 /* PBXTargetDependency */ = {
			isa = PBXTargetDependency;
			target = 03530FAA204F58A7002D9244 /* HelloWorld */;
			targetProxy = 03530FCF204F58A7002D9244 /* PBXContainerItemProxy */;
		};
/* End PBXTargetDependency section */

/* Begin PBXVariantGroup section */
		03530FB4204F58A7002D9244 /* Main.storyboard */ = {
			isa = PBXVariantGroup;
			children = (
				03530FB5204F58A7002D9244 /* Base */,
			);
			name = Main.storyboard;
			sourceTree = "<group>";
		};
		03530FB9204F58A7002D9244 /* LaunchScreen.storyboard */ = {
			isa = PBXVariantGroup;
			children = (
				03530FBA204F58A7002D9244 /* Base */,
			);
			name = LaunchScreen.storyboard;
			sourceTree = "<group>";
		};
/* End PBXVariantGroup section */

/* Begin XCBuildConfiguration section */
		03530FD5204F58A7002D9244 /* Debug */ = {
			isa = XCBuildConfiguration;
			buildSettings = {
				ALWAYS_SEARCH_USER_PATHS = NO;
				CLANG_ANALYZER_NONNULL = YES;
				CLANG_ANALYZER_NUMBER_OBJECT_CONVERSION = YES_AGGRESSIVE;
				CLANG_CXX_LANGUAGE_STANDARD = "gnu++14";
				CLANG_CXX_LIBRARY = "libc++";
				CLANG_ENABLE_MODULES = YES;
				CLANG_ENABLE_OBJC_ARC = YES;
				CLANG_WARN_BLOCK_CAPTURE_AUTORELEASING = YES;
				CLANG_WARN_BOOL_CONVERSION = YES;
				CLANG_WARN_COMMA = YES;
				CLANG_WARN_CONSTANT_CONVERSION = YES;
				CLANG_WARN_DIRECT_OBJC_ISA_USAGE = YES_ERROR;
				CLANG_WARN_DOCUMENTATION_COMMENTS = YES;
				CLANG_WARN_EMPTY_BODY = YES;
				CLANG_WARN_ENUM_CONVERSION = YES;
				CLANG_WARN_INFINITE_RECURSION = YES;
				CLANG_WARN_INT_CONVERSION = YES;
				CLANG_WARN_NON_LITERAL_NULL_CONVERSION = YES;
				CLANG_WARN_OBJC_LITERAL_CONVERSION = YES;
				CLANG_WARN_OBJC_ROOT_CLASS = YES_ERROR;
				CLANG_WARN_RANGE_LOOP_ANALYSIS = YES;
				CLANG_WARN_STRICT_PROTOTYPES = YES;
				CLANG_WARN_SUSPICIOUS_MOVE = YES;
				CLANG_WARN_UNGUARDED_AVAILABILITY = YES_AGGRESSIVE;
				CLANG_WARN_UNREACHABLE_CODE = YES;
				CLANG_WARN__DUPLICATE_METHOD_MATCH = YES;
				CODE_SIGN_IDENTITY = "iPhone Developer";
				COPY_PHASE_STRIP = NO;
				DEBUG_INFORMATION_FORMAT = dwarf;
				ENABLE_STRICT_OBJC_MSGSEND = YES;
				ENABLE_TESTABILITY = YES;
				GCC_C_LANGUAGE_STANDARD = gnu11;
				GCC_DYNAMIC_NO_PIC = NO;
				GCC_NO_COMMON_BLOCKS = YES;
				GCC_OPTIMIZATION_LEVEL = 0;
				GCC_PREPROCESSOR_DEFINITIONS = (
					"DEBUG=1",
					"$(inherited)",
				);
				GCC_WARN_64_TO_32_BIT_CONVERSION = YES;
				GCC_WARN_ABOUT_RETURN_TYPE = YES_ERROR;
				GCC_WARN_UNDECLARED_SELECTOR = YES;
				GCC_WARN_UNINITIALIZED_AUTOS = YES_AGGRESSIVE;
				GCC_WARN_UNUSED_FUNCTION = YES;
				GCC_WARN_UNUSED_VARIABLE = YES;
				IPHONEOS_DEPLOYMENT_TARGET = 10.2;
				MTL_ENABLE_DEBUG_INFO = YES;
				ONLY_ACTIVE_ARCH = YES;
				SDKROOT = iphoneos;
			};
			name = Debug;
		};
		03530FD6204F58A7002D9244 /* Release */ = {
			isa = XCBuildConfiguration;
			buildSettings = {
				ALWAYS_SEARCH_USER_PATHS = NO;
				CLANG_ANALYZER_NONNULL = YES;
				CLANG_ANALYZER_NUMBER_OBJECT_CONVERSION = YES_AGGRESSIVE;
				CLANG_CXX_LANGUAGE_STANDARD = "gnu++14";
				CLANG_CXX_LIBRARY = "libc++";
				CLANG_ENABLE_MODULES = YES;
				CLANG_ENABLE_OBJC_ARC = YES;
				CLANG_WARN_BLOCK_CAPTURE_AUTORELEASING = YES;
				CLANG_WARN_BOOL_CONVERSION = YES;
				CLANG_WARN_COMMA = YES;
				CLANG_WARN_CONSTANT_CONVERSION = YES;
				CLANG_WARN_DIRECT_OBJC_ISA_USAGE = YES_ERROR;
				CLANG_WARN_DOCUMENTATION_COMMENTS = YES;
				CLANG_WARN_EMPTY_BODY = YES;
				CLANG_WARN_ENUM_CONVERSION = YES;
				CLANG_WARN_INFINITE_RECURSION = YES;
				CLANG_WARN_INT_CONVERSION = YES;
				CLANG_WARN_NON_LITERAL_NULL_CONVERSION = YES;
				CLANG_WARN_OBJC_LITERAL_CONVERSION = YES;
				CLANG_WARN_OBJC_ROOT_CLASS = YES_ERROR;
				CLANG_WARN_RANGE_LOOP_ANALYSIS = YES;
				CLANG_WARN_STRICT_PROTOTYPES = YES;
				CLANG_WARN_SUSPICIOUS_MOVE = YES;
				CLANG_WARN_UNGUARDED_AVAILABILITY = YES_AGGRESSIVE;
				CLANG_WARN_UNREACHABLE_CODE = YES;
				CLANG_WARN__DUPLICATE_METHOD_MATCH = YES;
				CODE_SIGN_IDENTITY = "iPhone Developer";
				COPY_PHASE_STRIP = NO;
				DEBUG_INFORMATION_FORMAT = "dwarf-with-dsym";
				ENABLE_NS_ASSERTIONS = NO;
				ENABLE_STRICT_OBJC_MSGSEND = YES;
				GCC_C_LANGUAGE_STANDARD = gnu11;
				GCC_NO_COMMON_BLOCKS = YES;
				GCC_WARN_64_TO_32_BIT_CONVERSION = YES;
				GCC_WARN_ABOUT_RETURN_TYPE = YES_ERROR;
				GCC_WARN_UNDECLARED_SELECTOR = YES;
				GCC_WARN_UNINITIALIZED_AUTOS = YES_AGGRESSIVE;
				GCC_WARN_UNUSED_FUNCTION = YES;
				GCC_WARN_UNUSED_VARIABLE = YES;
				IPHONEOS_DEPLOYMENT_TARGET = 10.2;
				MTL_ENABLE_DEBUG_INFO = NO;
				SDKROOT = iphoneos;
				VALIDATE_PRODUCT = YES;
			};
			name = Release;
		};
		03530FD8204F58A7002D9244 /* Debug */ = {
			isa = XCBuildConfiguration;
			buildSettings = {
				ASSETCATALOG_COMPILER_APPICON_NAME = AppIcon;
				CODE_SIGN_STYLE = Automatic;
				DEVELOPMENT_TEAM = NAX528DUM6;
				FRAMEWORK_SEARCH_PATHS = (
					"$(inherited)",
					"$(PROJECT_DIR)",
				);
				INFOPLIST_FILE = HelloWorld/Info.plist;
				LD_RUNPATH_SEARCH_PATHS = "$(inherited) @executable_path/Frameworks";
				PRODUCT_BUNDLE_IDENTIFIER = com.dynepic.HelloWorld;
				PRODUCT_NAME = "$(TARGET_NAME)";
				TARGETED_DEVICE_FAMILY = "1,2";
			};
			name = Debug;
		};
		03530FD9204F58A7002D9244 /* Release */ = {
			isa = XCBuildConfiguration;
			buildSettings = {
				ASSETCATALOG_COMPILER_APPICON_NAME = AppIcon;
				CODE_SIGN_STYLE = Automatic;
				DEVELOPMENT_TEAM = NAX528DUM6;
				FRAMEWORK_SEARCH_PATHS = (
					"$(inherited)",
					"$(PROJECT_DIR)",
				);
				INFOPLIST_FILE = HelloWorld/Info.plist;
				LD_RUNPATH_SEARCH_PATHS = "$(inherited) @executable_path/Frameworks";
				PRODUCT_BUNDLE_IDENTIFIER = com.dynepic.HelloWorld;
				PRODUCT_NAME = "$(TARGET_NAME)";
				TARGETED_DEVICE_FAMILY = "1,2";
			};
			name = Release;
		};
		03530FDB204F58A7002D9244 /* Debug */ = {
			isa = XCBuildConfiguration;
			buildSettings = {
				BUNDLE_LOADER = "$(TEST_HOST)";
				CODE_SIGN_STYLE = Automatic;
				DEVELOPMENT_TEAM = NAX528DUM6;
				INFOPLIST_FILE = HelloWorldTests/Info.plist;
				LD_RUNPATH_SEARCH_PATHS = "$(inherited) @executable_path/Frameworks @loader_path/Frameworks";
				PRODUCT_BUNDLE_IDENTIFIER = com.dynepic.HelloWorldTests;
				PRODUCT_NAME = "$(TARGET_NAME)";
				TARGETED_DEVICE_FAMILY = "1,2";
				TEST_HOST = "$(BUILT_PRODUCTS_DIR)/HelloWorld.app/HelloWorld";
			};
			name = Debug;
		};
		03530FDC204F58A7002D9244 /* Release */ = {
			isa = XCBuildConfiguration;
			buildSettings = {
				BUNDLE_LOADER = "$(TEST_HOST)";
				CODE_SIGN_STYLE = Automatic;
				DEVELOPMENT_TEAM = NAX528DUM6;
				INFOPLIST_FILE = HelloWorldTests/Info.plist;
				LD_RUNPATH_SEARCH_PATHS = "$(inherited) @executable_path/Frameworks @loader_path/Frameworks";
				PRODUCT_BUNDLE_IDENTIFIER = com.dynepic.HelloWorldTests;
				PRODUCT_NAME = "$(TARGET_NAME)";
				TARGETED_DEVICE_FAMILY = "1,2";
				TEST_HOST = "$(BUILT_PRODUCTS_DIR)/HelloWorld.app/HelloWorld";
			};
			name = Release;
		};
		03530FDE204F58A7002D9244 /* Debug */ = {
			isa = XCBuildConfiguration;
			buildSettings = {
				CODE_SIGN_STYLE = Automatic;
				DEVELOPMENT_TEAM = NAX528DUM6;
				INFOPLIST_FILE = HelloWorldUITests/Info.plist;
				LD_RUNPATH_SEARCH_PATHS = "$(inherited) @executable_path/Frameworks @loader_path/Frameworks";
				PRODUCT_BUNDLE_IDENTIFIER = com.dynepic.HelloWorldUITests;
				PRODUCT_NAME = "$(TARGET_NAME)";
				TARGETED_DEVICE_FAMILY = "1,2";
				TEST_TARGET_NAME = HelloWorld;
			};
			name = Debug;
		};
		03530FDF204F58A7002D9244 /* Release */ = {
			isa = XCBuildConfiguration;
			buildSettings = {
				CODE_SIGN_STYLE = Automatic;
				DEVELOPMENT_TEAM = NAX528DUM6;
				INFOPLIST_FILE = HelloWorldUITests/Info.plist;
				LD_RUNPATH_SEARCH_PATHS = "$(inherited) @executable_path/Frameworks @loader_path/Frameworks";
				PRODUCT_BUNDLE_IDENTIFIER = com.dynepic.HelloWorldUITests;
				PRODUCT_NAME = "$(TARGET_NAME)";
				TARGETED_DEVICE_FAMILY = "1,2";
				TEST_TARGET_NAME = HelloWorld;
			};
			name = Release;
		};
/* End XCBuildConfiguration section */

/* Begin XCConfigurationList section */
		03530FA6204F58A7002D9244 /* Build configuration list for PBXProject "HelloWorld" */ = {
			isa = XCConfigurationList;
			buildConfigurations = (
				03530FD5204F58A7002D9244 /* Debug */,
				03530FD6204F58A7002D9244 /* Release */,
			);
			defaultConfigurationIsVisible = 0;
			defaultConfigurationName = Release;
		};
		03530FD7204F58A7002D9244 /* Build configuration list for PBXNativeTarget "HelloWorld" */ = {
			isa = XCConfigurationList;
			buildConfigurations = (
				03530FD8204F58A7002D9244 /* Debug */,
				03530FD9204F58A7002D9244 /* Release */,
			);
			defaultConfigurationIsVisible = 0;
			defaultConfigurationName = Release;
		};
		03530FDA204F58A7002D9244 /* Build configuration list for PBXNativeTarget "HelloWorldTests" */ = {
			isa = XCConfigurationList;
			buildConfigurations = (
				03530FDB204F58A7002D9244 /* Debug */,
				03530FDC204F58A7002D9244 /* Release */,
			);
			defaultConfigurationIsVisible = 0;
			defaultConfigurationName = Release;
		};
		03530FDD204F58A7002D9244 /* Build configuration list for PBXNativeTarget "HelloWorldUITests" */ = {
			isa = XCConfigurationList;
			buildConfigurations = (
				03530FDE204F58A7002D9244 /* Debug */,
				03530FDF204F58A7002D9244 /* Release */,
			);
			defaultConfigurationIsVisible = 0;
			defaultConfigurationName = Release;
		};
/* End XCConfigurationList section */
	};
	rootObject = 03530FA3204F58A7002D9244 /* Project object */;
}
